{
  "version": 4,
  "terraform_version": "1.12.2",
  "serial": 102,
  "lineage": "684f7716-0919-bebe-3a05-bba5f5451879",
  "outputs": {
    "instance_public_ip": {
      "value": "54.164.163.172",
      "type": "string"
    }
  },
  "resources": [
    {
      "mode": "data",
      "type": "aws_ami",
      "name": "amazon_linux",
      "provider": "provider[\"registry.terraform.io/hashicorp/aws\"]",
      "instances": [
        {
          "schema_version": 0,
          "attributes": {
            "allow_unsafe_filter": null,
            "architecture": "x86_64",
            "arn": "arn:aws:ec2:us-east-1::image/ami-0c6ebb5b9bce4ba15",
            "block_device_mappings": [
              {
                "device_name": "/dev/xvda",
                "ebs": {
                  "delete_on_termination": "true",
                  "encrypted": "false",
                  "iops": "0",
                  "snapshot_id": "snap-0c819b394123c6700",
                  "throughput": "0",
                  "volume_initialization_rate": "0",
                  "volume_size": "8",
                  "volume_type": "gp2"
                },
                "no_device": "",
                "virtual_name": ""
              }
            ],
            "boot_mode": "",
            "creation_date": "2025-06-20T08:42:15.000Z",
            "deprecation_time": "2025-09-18T08:42:00.000Z",
            "description": "Amazon Linux 2 AMI 2.0.20250623.0 x86_64 HVM gp2",
            "ena_support": true,
            "executable_users": null,
            "filter": [
              {
                "name": "name",
                "values": [
                  "amzn2-ami-hvm-*-x86_64-gp2"
                ]
              }
            ],
            "hypervisor": "xen",
            "id": "ami-0c6ebb5b9bce4ba15",
            "image_id": "ami-0c6ebb5b9bce4ba15",
            "image_location": "amazon/amzn2-ami-hvm-2.0.20250623.0-x86_64-gp2",
            "image_owner_alias": "amazon",
            "image_type": "machine",
            "imds_support": "",
            "include_deprecated": false,
            "kernel_id": "",
            "last_launched_time": "",
            "most_recent": true,
            "name": "amzn2-ami-hvm-2.0.20250623.0-x86_64-gp2",
            "name_regex": null,
            "owner_id": "137112412989",
            "owners": [
              "137112412989"
            ],
            "platform": "",
            "platform_details": "Linux/UNIX",
            "product_codes": [],
            "public": true,
            "ramdisk_id": "",
            "region": "us-east-1",
            "root_device_name": "/dev/xvda",
            "root_device_type": "ebs",
            "root_snapshot_id": "snap-0c819b394123c6700",
            "sriov_net_support": "simple",
            "state": "available",
            "state_reason": {
              "code": "UNSET",
              "message": "UNSET"
            },
            "tags": {},
            "timeouts": null,
            "tpm_support": "",
            "uefi_data": null,
            "usage_operation": "RunInstances",
            "virtualization_type": "hvm"
          },
          "sensitive_attributes": [],
          "identity_schema_version": 0
        }
      ]
    },
    {
      "mode": "data",
      "type": "aws_subnets",
      "name": "raxxo_subnets",
      "provider": "provider[\"registry.terraform.io/hashicorp/aws\"]",
      "instances": [
        {
          "schema_version": 0,
          "attributes": {
            "filter": [
              {
                "name": "vpc-id",
                "values": [
                  "vpc-0f162a65890522d02"
                ]
              }
            ],
            "id": "us-east-1",
            "ids": [
              "subnet-0082b13a504cffd96",
              "subnet-025bfeebae5a3320e"
            ],
            "region": "us-east-1",
            "tags": null,
            "timeouts": null
          },
          "sensitive_attributes": [],
          "identity_schema_version": 0
        }
      ]
    },
    {
      "mode": "managed",
      "type": "aws_instance",
      "name": "raxxo_ec2",
      "provider": "provider[\"registry.terraform.io/hashicorp/aws\"]",
      "instances": [
        {
          "schema_version": 2,
          "attributes": {
            "ami": "ami-0c6ebb5b9bce4ba15",
            "arn": "arn:aws:ec2:us-east-1:989323701041:instance/i-068bc37f5befa9df7",
            "associate_public_ip_address": true,
            "availability_zone": "us-east-1b",
            "capacity_reservation_specification": [
              {
                "capacity_reservation_preference": "open",
                "capacity_reservation_target": []
              }
            ],
            "cpu_options": [
              {
                "amd_sev_snp": "",
                "core_count": 1,
                "threads_per_core": 1
              }
            ],
            "credit_specification": [
              {
                "cpu_credits": "standard"
              }
            ],
            "disable_api_stop": false,
            "disable_api_termination": false,
            "ebs_block_device": [],
            "ebs_optimized": false,
            "enable_primary_ipv6": null,
            "enclave_options": [
              {
                "enabled": false
              }
            ],
            "ephemeral_block_device": [],
            "get_password_data": false,
            "hibernation": false,
            "host_id": "",
            "host_resource_group_arn": null,
            "iam_instance_profile": "",
            "id": "i-068bc37f5befa9df7",
            "instance_initiated_shutdown_behavior": "stop",
            "instance_lifecycle": "",
            "instance_market_options": [],
            "instance_state": "running",
            "instance_type": "t2.micro",
            "ipv6_address_count": 0,
            "ipv6_addresses": [],
            "key_name": "raxxo-key",
            "launch_template": [],
            "maintenance_options": [
              {
                "auto_recovery": "default"
              }
            ],
            "metadata_options": [
              {
                "http_endpoint": "enabled",
                "http_protocol_ipv6": "disabled",
                "http_put_response_hop_limit": 1,
                "http_tokens": "optional",
                "instance_metadata_tags": "disabled"
              }
            ],
            "monitoring": false,
            "network_interface": [],
            "outpost_arn": "",
            "password_data": "",
            "placement_group": "",
            "placement_partition_number": 0,
            "primary_network_interface_id": "eni-0666c14f02f411a67",
            "private_dns": "ip-10-10-10-20.ec2.internal",
            "private_dns_name_options": [
              {
                "enable_resource_name_dns_a_record": false,
                "enable_resource_name_dns_aaaa_record": false,
                "hostname_type": "ip-name"
              }
            ],
            "private_ip": "10.10.10.20",
            "public_dns": "ec2-54-164-163-172.compute-1.amazonaws.com",
            "public_ip": "54.164.163.172",
            "region": "us-east-1",
            "root_block_device": [
              {
                "delete_on_termination": true,
                "device_name": "/dev/xvda",
                "encrypted": false,
                "iops": 100,
                "kms_key_id": "",
                "tags": {},
                "tags_all": {},
                "throughput": 0,
                "volume_id": "vol-08089dae72a2cbdca",
                "volume_size": 8,
                "volume_type": "gp2"
              }
            ],
            "secondary_private_ips": [],
            "security_groups": [],
            "source_dest_check": true,
            "spot_instance_request_id": "",
            "subnet_id": "subnet-0082b13a504cffd96",
            "tags": {
              "Name": "Raxxo-Ec2"
            },
            "tags_all": {
              "Name": "Raxxo-Ec2"
            },
            "tenancy": "default",
            "timeouts": null,
            "user_data": null,
            "user_data_base64": "IyEvYmluL2Jhc2gKCiMgQXJjaGl2byBkZSBjb250cm9sIHBhcmEgZXZpdGFyIG3Dumx0aXBsZXMgZWplY3VjaW9uZXMKRkxBR19GSUxFPSIvdmFyL2xvZy9kZXBsb3kuZG9uZSIKCmlmIFsgLWYgIiRGTEFHX0ZJTEUiIF07IHRoZW4KICAgIGVjaG8gIvCfm5EgU2NyaXB0IHlhIGZ1ZSBlamVjdXRhZG8gYW50ZXJpb3JtZW50ZS4gU2FsaWVuZG8uIgogICAgZXhpdCAwCmZpCgojIFJlZGlyaWdpciBsb2dzIGEgYXJjaGl2bwpleGVjID4gPih0ZWUgLWEgL3Zhci9sb2cvZGVwbG95LmxvZykgMj4mMQpzZXQgLWUKCmVjaG8gIvCflKcgWyQoZGF0ZSldIEFjdHVhbGl6YW5kbyBzaXN0ZW1hLi4uIgpzdWRvIHl1bSB1cGRhdGUgLXkKCmVjaG8gIvCfkLMgWyQoZGF0ZSldIEluc3RhbGFuZG8gRG9ja2VyLi4uIgpzdWRvIGFtYXpvbi1saW51eC1leHRyYXMgZW5hYmxlIGRvY2tlcgpzdWRvIHl1bSBpbnN0YWxsIC15IGRvY2tlcgpzdWRvIHN5c3RlbWN0bCBzdGFydCBkb2NrZXIKc3VkbyBzeXN0ZW1jdGwgZW5hYmxlIGRvY2tlcgpzdWRvIHVzZXJtb2QgLWFHIGRvY2tlciBlYzItdXNlcgoKZWNobyAi8J+UpyBbJChkYXRlKV0gSW5zdGFsYW5kbyBoZXJyYW1pZW50YXMgZXNlbmNpYWxlcy4uLiIKc3VkbyB5dW0gaW5zdGFsbCAteSBnaXQgY3VybCB3Z2V0IGh0b3AganEgbmFubyB2aW0gdHJlZSBcCiAgbmV0LXRvb2xzIGlwcm91dGUgbHNvZiB1bnppcCB6aXAgdGFyIG1ha2UgdG11eCBcCiAgb3BlbnNzaC1jbGllbnRzIGZhaWwyYmFuIG5tYXAKCiMhL2Jpbi9iYXNoCgplY2hvICJDcmVhbmRvIGNhcnBldGEgZ2xvYmFsIHBhcmEgRG9ja2VyIENvbXBvc2UgcGx1Z2luLi4uIgpzdWRvIG1rZGlyIC1wIC91c3IvbGliZXhlYy9kb2NrZXIvY2xpLXBsdWdpbnMKCmVjaG8gIkRlc2NhcmdhbmRvIERvY2tlciBDb21wb3NlIFYyIGEgbGEgcnV0YSBnbG9iYWwuLi4iCnN1ZG8gY3VybCAtU0wgImh0dHBzOi8vZ2l0aHViLmNvbS9kb2NrZXIvY29tcG9zZS9yZWxlYXNlcy9sYXRlc3QvZG93bmxvYWQvZG9ja2VyLWNvbXBvc2UtJCh1bmFtZSAtcyktJCh1bmFtZSAtbSkiIC1vIC91c3IvbGliZXhlYy9kb2NrZXIvY2xpLXBsdWdpbnMvZG9ja2VyLWNvbXBvc2UKCmVjaG8gIkRhbmRvIHBlcm1pc29zIGVqZWN1dGFibGVzIGFsIHBsdWdpbi4uLiIKc3VkbyBjaG1vZCAreCAvdXNyL2xpYmV4ZWMvZG9ja2VyL2NsaS1wbHVnaW5zL2RvY2tlci1jb21wb3NlCgplY2hvICJJbnN0YWxhY2nDs24gY29tcGxldGFkYS4gVmVyaWZpY2EgY29uOiBkb2NrZXIgY29tcG9zZSB2ZXJzaW9uIgoKCmVjaG8gIlZlcmlmaWNhbmRvIGluc3RhbGFjacOzbiBkZSBEb2NrZXIgQ29tcG9zZS4uLiIKZG9ja2VyIGNvbXBvc2UgdmVyc2lvbgoKCmVjaG8gIvCfk4ogWyQoZGF0ZSldIEluc3RhbGFuZG8gY3RvcC4uLiIKc3VkbyBjdXJsIC1MbyAvdXNyL2xvY2FsL2Jpbi9jdG9wIGh0dHBzOi8vZ2l0aHViLmNvbS9iY2ljZW4vY3RvcC9yZWxlYXNlcy9sYXRlc3QvZG93bmxvYWQvY3RvcC1saW51eC1hbWQ2NApzdWRvIGNobW9kICt4IC91c3IvbG9jYWwvYmluL2N0b3AKCgojIENyZWFyIGFyY2hpdm8gZGUgY29udHJvbCBwYXJhIG5vIHZvbHZlciBhIGVqZWN1dGFyCnRvdWNoICIkRkxBR19GSUxFIgoKClVTVUFSSU89ImRlcGxveWVyIgoKIyBQZWdhIGFxdcOtIHR1IGNsYXZlIHDDumJsaWNhIFNTSCBFWEFDVEEsIGVudHJlIGNvbWlsbGFzCkNMQVZFX1BVQkxJQ0E9InNzaC1yc2EgQUFBQUIzTnphQzF5YzJFQUFBQURBUUFCQUFBQ0FRRE1hOWV2MFVKTTlsc0lHQ3Bxb3VmQmJQQTdSZ1pDb2c1eFpGc2R6SE4vY092TVI3ODFDYmRBZW9PNnFGQXdrVzNmVHZDSktkYTJ5Q3RoTnhiSFh1NzRpNTFJbXVBMC9ldWZmbk1yemlBdWJXektmQXJ2MEIyeko3NTUzUHdOeGtaMmxOeSt2VnM0em5Ea3JpZ2VFWUZUblh1NzNoQzVOZGNoWkh2YlZ5Qmw5K3lURVEyeDdXdHpTYTlPVWRCejAxa1llNGVTdCtpaXRHMzZZd29OWlZQVEllZi8zMWFBbzVOWW1ZMVVob2IrMjRibGlocWlabENvbitxN0JPUkV4elFFbXM2Ry9lWU9Xa1FOMDllU0JWRDh3ZVl5U2FXdDdVbWtBVFVFN1NBY1JHOUVkZFJUZEV6UUhZUWNMQnkyZlVmcUlZMHg2dnFNTTZyUktCNU5mWmwrdkJtTHVRRjZYR2wwTlJ1TUR0Tkk2Umh0Y2pybkwvMC9MYzkwQzNFVERjRkVhQ1RtNjZvUWdRKzhaWEJxREpZOWt5cXpTRHVoMGFFNDlabW1EZ2RYL2Y0akNOaWZlcXJvR21ldUlsTnlGaHhuTklsbEkySml2M2E3dXp2UUdja05MOC9pek1DRy9wQ1J2Y2EyQk1FWU5LN1o5MkdheTZsbktXSEZ3eWhpRllqeEJnZEZkWUxWNnpsME93VVFRbDdqTU5mUERNSGxoeVJnYXc1ai80QUZSYWkwekIrYms5aTdtRThTejU2Nm51bE5COEJWTS9nTG9HbTFlSytGT3VRNWNYd01Za0ttWjVkaXZlT3piVzVkQXU5WGtPQkdFdHdjNUNPOXluZTBXNTdBL1RIVms2alMwRm96SFRoU0Q3Q09NdEw4QVYrZ2dhb1dTMjlYNktRTmZRPT0iCgojIENyZWFyIHVzdWFyaW8Kc3VkbyBhZGR1c2VyICRVU1VBUklPCgojIENyZWFyIGNhcnBldGEgLnNzaCB5IHN1YmlyIGxhIGNsYXZlIHDDumJsaWNhCnN1ZG8gbWtkaXIgLXAgL2hvbWUvJFVTVUFSSU8vLnNzaAplY2hvICIkQ0xBVkVfUFVCTElDQSIgfCBzdWRvIHRlZSAvaG9tZS8kVVNVQVJJTy8uc3NoL2F1dGhvcml6ZWRfa2V5cyA+IC9kZXYvbnVsbAoKIyBQZXJtaXNvcyBjb3JyZWN0b3MKc3VkbyBjaG93biAtUiAkVVNVQVJJTzokVVNVQVJJTyAvaG9tZS8kVVNVQVJJTy8uc3NoCnN1ZG8gY2htb2QgNzAwIC9ob21lLyRVU1VBUklPLy5zc2gKc3VkbyBjaG1vZCA2MDAgL2hvbWUvJFVTVUFSSU8vLnNzaC9hdXRob3JpemVkX2tleXMKCiMgQWdyZWdhciB1c3VhcmlvIGFsIGdydXBvIGRvY2tlcgpzdWRvIHVzZXJtb2QgLWFHIGRvY2tlciAkVVNVQVJJTwoKIyAoT3BjaW9uYWwpIFBlcm1pdGlyIHN1ZG8gc2luIGNvbnRyYXNlw7FhCmVjaG8gIiRVU1VBUklPIEFMTD0oQUxMKSBOT1BBU1NXRDpBTEwiIHwgc3VkbyB0ZWUgL2V0Yy9zdWRvZXJzLmQvJFVTVUFSSU8KCmVjaG8gIuKchSBVc3VhcmlvICckVVNVQVJJTycgY3JlYWRvIGNvbiBjbGF2ZSBww7pibGljYSBTU0gsIGFjY2VzbyBhIEdpdCAoU1NIKSB5IHBlcm1pc29zIERvY2tlci4iCgplY2hvICLwn5OCIFskKGRhdGUpXSBDcmVhbmRvIGRpcmVjdG9yaW9zIG5lY2VzYXJpb3MuLi4iCnN1ZG8gbWtkaXIgLXAgL2RvY2tlcgpzdWRvIG1rZGlyIC1wIC9kYXRhCgplY2hvICLwn5SnIFskKGRhdGUpXSBDb25maWd1cmFuZG8gcGVybWlzb3MgZGUgY2FycGV0YXMuLi4iCgpzdWRvIGNob3duIC1SIGRlcGxveWVyOmRlcGxveWVyIC9kb2NrZXIvCnN1ZG8gY2hvd24gLVIgZGVwbG95ZXI6ZGVwbG95ZXIgL2RhdGEvCgoKIyBSVVRBIGRvbmRlIHRpZW5lcyBsYSBjbGF2ZQplY2hvICLwn5SRIFskKGRhdGUpXSBDb25maWd1cmFuZG8gY2xhdmUgU1NIIHBhcmEgR2l0SHViLi4uIgoKS0VZX1BBVEg9Ii9ob21lL2RlcGxveWVyLy5zc2gvZGVwbG95ZXIiClNTSF9DT05GSUc9Ii9ob21lL2RlcGxveWVyLy5zc2gvY29uZmlnIgoKIyAxLiBBc2VndXJhcnNlIHF1ZSBsYSBjYXJwZXRhIH4vLnNzaCBleGlzdGEKZWNobyAi8J+UkSBDcmVhbmRvIGNhcnBldGEgLnNzaCBzaSBubyBleGlzdGUuLi4iCm1rZGlyIC1wIC9ob21lL2RlcGxveWVyLy5zc2gKY2htb2QgNzAwIC9ob21lL2RlcGxveWVyLy5zc2gKCgojIDIuIENvbmZpZ3VyYXIgU1NICmVjaG8gIuKame+4jyBDb25maWd1cmFuZG8gU1NIIHBhcmEgR2l0SHViLi4uIgpjYXQgPj4gIiRTU0hfQ09ORklHIiA8PEVPRgoKSG9zdCBnaXRodWIuY29tCiAgSG9zdE5hbWUgZ2l0aHViLmNvbQogIFVzZXIgZ2l0CiAgSWRlbnRpdHlGaWxlICRLRVlfUEFUSAogIElkZW50aXRpZXNPbmx5IHllcwpFT0YKCiMgMy4gQWdyZWdhciBHaXRIdWIgYSBrbm93bl9ob3N0cyAoZXZpdGFyIGFkdmVydGVuY2lhKQpzc2gta2V5c2NhbiBnaXRodWIuY29tID4+IH4vLnNzaC9rbm93bl9ob3N0cwoKIyBDcmVhciBhcmNoaXZvIGRlIGNvbnRyb2wgcGFyYSBubyB2b2x2ZXIgYSBlamVjdXRhcgpzdWRvIHRvdWNoIC92YXIvbG9nL3VzZXJfc2V0dXAuZG9uZSAKIyBGaW4gZGVsIHNjcmlwdCBkZSBjcmVhY2nDs24gZGUgdXN1YXJpbwoiCgplY2hvICLinIUgWyQoZGF0ZSldIERlcGxveSBjb21wbGV0YWRvLiI=",
            "user_data_replace_on_change": false,
            "volume_tags": null,
            "vpc_security_group_ids": [
              "sg-064277094ce128ce9",
              "sg-0f28cd05fc9493b63"
            ]
          },
          "sensitive_attributes": [],
          "identity_schema_version": 0,
          "private": "eyJlMmJmYjczMC1lY2FhLTExZTYtOGY4OC0zNDM2M2JjN2M0YzAiOnsiY3JlYXRlIjo2MDAwMDAwMDAwMDAsImRlbGV0ZSI6MTIwMDAwMDAwMDAwMCwicmVhZCI6OTAwMDAwMDAwMDAwLCJ1cGRhdGUiOjYwMDAwMDAwMDAwMH0sInNjaGVtYV92ZXJzaW9uIjoiMiJ9",
          "dependencies": [
            "aws_key_pair.raxxo_key",
            "aws_security_group.raxxo_sg",
            "aws_security_group.raxxo_web_sg",
            "data.aws_ami.amazon_linux",
            "data.aws_subnets.raxxo_subnets"
          ]
        }
      ]
    },
    {
      "mode": "managed",
      "type": "aws_key_pair",
      "name": "raxxo_key",
      "provider": "provider[\"registry.terraform.io/hashicorp/aws\"]",
      "instances": [
        {
          "schema_version": 1,
          "attributes": {
            "arn": "arn:aws:ec2:us-east-1:989323701041:key-pair/raxxo-key",
            "fingerprint": "a0:b5:2e:0d:18:00:52:c3:39:3d:24:54:e0:ca:ef:6f",
            "id": "raxxo-key",
            "key_name": "raxxo-key",
            "key_name_prefix": "",
            "key_pair_id": "key-04e25d50c81a5d561",
            "key_type": "rsa",
            "public_key": "ssh-rsa AAAAB3NzaC1yc2EAAAADAQABAAACAQDDTBv9oz27Tph9qne+8wzeivSNeWgrNtSgS4S7oyp8+RJr88z7XvyoXssD+AAiYVvJKNXhKKP4DZz3lE6zTYp3IWio4DjuwZPzIswuqfXqsii84wSDgkzD/xdXxXfXYaraDXSl2YD8lQIpzmeerZC9smk/Wr7V4rxHsx+KkgsWCBrBNe7EdA2O+Kc++GB9ceCX2gMKOS5lgjrvWHiagmW7WIao767gUotL/dPtRp1sMURLUgcKAQVeaeIBglBQRocRmJYzK4lviRRcGLsdTs2JfVlMK9RAbXTPYJGQVL92wZEeLNY94rZgfSiJc7iVrlAMucPAdin//9WiZqMxtJ5WOBuPfw5YC1c+uAvnII1hwGC13AhryWeaJ6CllVCJpqLAcPz0uqb0lJg+nWbuGbwvjCg6/QVWuqwhzRqS4VA8uk99A4OSG/wauRUR+t6oQi2unV5Z0kgDg0xz/IVJ3d1pgyKUGAEEKPrZEtPWoWQeW72HlPsRqeKM1T03exsdDfWEKKc8546xNBy8qZc+7tItJkN5uBpGKa4BrqShBcJPD33C8+RPGEWXsg2C4JIGwEdOS3DFG9PrPjcoj/c6Wk/6Z8Os9iVvfYDwWIZO47SWo2oC/f7bTi+8J5vhcGtqbF5C1rCafIS8Zha9Vyi3KSu1pXthrUlplC0b3wvlacm2nQ== root@raxxo-pc",
            "region": "us-east-1",
            "tags": null,
            "tags_all": {}
          },
          "sensitive_attributes": [],
          "identity_schema_version": 0,
          "private": "eyJzY2hlbWFfdmVyc2lvbiI6IjEifQ=="
        }
      ]
    },
    {
      "mode": "managed",
      "type": "aws_security_group",
      "name": "raxxo_sg",
      "provider": "provider[\"registry.terraform.io/hashicorp/aws\"]",
      "instances": [
        {
          "schema_version": 1,
          "attributes": {
            "arn": "arn:aws:ec2:us-east-1:989323701041:security-group/sg-064277094ce128ce9",
            "description": "Allow SSH from anywhere",
            "egress": [
              {
                "cidr_blocks": [
                  "0.0.0.0/0"
                ],
                "description": "",
                "from_port": 0,
                "ipv6_cidr_blocks": [],
                "prefix_list_ids": [],
                "protocol": "-1",
                "security_groups": [],
                "self": false,
                "to_port": 0
              }
            ],
            "id": "sg-064277094ce128ce9",
            "ingress": [
              {
                "cidr_blocks": [
                  "0.0.0.0/0"
                ],
                "description": "",
                "from_port": 22,
                "ipv6_cidr_blocks": [],
                "prefix_list_ids": [],
                "protocol": "tcp",
                "security_groups": [],
                "self": false,
                "to_port": 22
              }
            ],
            "name": "RaxxoAllowSSH",
            "name_prefix": "",
            "owner_id": "989323701041",
            "region": "us-east-1",
            "revoke_rules_on_delete": false,
            "tags": null,
            "tags_all": {},
            "timeouts": null,
            "vpc_id": "vpc-0f162a65890522d02"
          },
          "sensitive_attributes": [],
          "identity_schema_version": 0,
          "private": "eyJlMmJmYjczMC1lY2FhLTExZTYtOGY4OC0zNDM2M2JjN2M0YzAiOnsiY3JlYXRlIjo2MDAwMDAwMDAwMDAsImRlbGV0ZSI6OTAwMDAwMDAwMDAwfSwic2NoZW1hX3ZlcnNpb24iOiIxIn0="
        }
      ]
    },
    {
      "mode": "managed",
      "type": "aws_security_group",
      "name": "raxxo_web_sg",
      "provider": "provider[\"registry.terraform.io/hashicorp/aws\"]",
      "instances": [
        {
          "schema_version": 1,
          "attributes": {
            "arn": "arn:aws:ec2:us-east-1:989323701041:security-group/sg-0f28cd05fc9493b63",
            "description": "Allow HTTP and HTTPS traffic",
            "egress": [
              {
                "cidr_blocks": [
                  "0.0.0.0/0"
                ],
                "description": "",
                "from_port": 0,
                "ipv6_cidr_blocks": [],
                "prefix_list_ids": [],
                "protocol": "-1",
                "security_groups": [],
                "self": false,
                "to_port": 0
              }
            ],
            "id": "sg-0f28cd05fc9493b63",
            "ingress": [
              {
                "cidr_blocks": [
                  "0.0.0.0/0"
                ],
                "description": "",
                "from_port": 443,
                "ipv6_cidr_blocks": [],
                "prefix_list_ids": [],
                "protocol": "tcp",
                "security_groups": [],
                "self": false,
                "to_port": 443
              },
              {
                "cidr_blocks": [
                  "0.0.0.0/0"
                ],
                "description": "",
                "from_port": 80,
                "ipv6_cidr_blocks": [],
                "prefix_list_ids": [],
                "protocol": "tcp",
                "security_groups": [],
                "self": false,
                "to_port": 80
              }
            ],
            "name": "RaxxoWebSG",
            "name_prefix": "",
            "owner_id": "989323701041",
            "region": "us-east-1",
            "revoke_rules_on_delete": false,
            "tags": null,
            "tags_all": {},
            "timeouts": null,
            "vpc_id": "vpc-0f162a65890522d02"
          },
          "sensitive_attributes": [],
          "identity_schema_version": 0,
          "private": "eyJlMmJmYjczMC1lY2FhLTExZTYtOGY4OC0zNDM2M2JjN2M0YzAiOnsiY3JlYXRlIjo2MDAwMDAwMDAwMDAsImRlbGV0ZSI6OTAwMDAwMDAwMDAwfSwic2NoZW1hX3ZlcnNpb24iOiIxIn0="
        }
      ]
    }
  ],
  "check_results": null
}
