{
  "version": 4,
  "terraform_version": "1.12.2",
  "serial": 46,
  "lineage": "684f7716-0919-bebe-3a05-bba5f5451879",
  "outputs": {
    "instance_public_ip": {
      "value": "35.173.129.93",
      "type": "string"
    }
  },
  "resources": [
    {
      "mode": "data",
      "type": "aws_ami",
      "name": "amazon_linux",
      "provider": "provider[\"registry.terraform.io/hashicorp/aws\"]",
      "instances": [
        {
          "schema_version": 0,
          "attributes": {
            "allow_unsafe_filter": null,
            "architecture": "x86_64",
            "arn": "arn:aws:ec2:us-east-1::image/ami-0c6ebb5b9bce4ba15",
            "block_device_mappings": [
              {
                "device_name": "/dev/xvda",
                "ebs": {
                  "delete_on_termination": "true",
                  "encrypted": "false",
                  "iops": "0",
                  "snapshot_id": "snap-0c819b394123c6700",
                  "throughput": "0",
                  "volume_initialization_rate": "0",
                  "volume_size": "8",
                  "volume_type": "gp2"
                },
                "no_device": "",
                "virtual_name": ""
              }
            ],
            "boot_mode": "",
            "creation_date": "2025-06-20T08:42:15.000Z",
            "deprecation_time": "2025-09-18T08:42:00.000Z",
            "description": "Amazon Linux 2 AMI 2.0.20250623.0 x86_64 HVM gp2",
            "ena_support": true,
            "executable_users": null,
            "filter": [
              {
                "name": "name",
                "values": [
                  "amzn2-ami-hvm-*-x86_64-gp2"
                ]
              }
            ],
            "hypervisor": "xen",
            "id": "ami-0c6ebb5b9bce4ba15",
            "image_id": "ami-0c6ebb5b9bce4ba15",
            "image_location": "amazon/amzn2-ami-hvm-2.0.20250623.0-x86_64-gp2",
            "image_owner_alias": "amazon",
            "image_type": "machine",
            "imds_support": "",
            "include_deprecated": false,
            "kernel_id": "",
            "last_launched_time": "",
            "most_recent": true,
            "name": "amzn2-ami-hvm-2.0.20250623.0-x86_64-gp2",
            "name_regex": null,
            "owner_id": "137112412989",
            "owners": [
              "137112412989"
            ],
            "platform": "",
            "platform_details": "Linux/UNIX",
            "product_codes": [],
            "public": true,
            "ramdisk_id": "",
            "region": "us-east-1",
            "root_device_name": "/dev/xvda",
            "root_device_type": "ebs",
            "root_snapshot_id": "snap-0c819b394123c6700",
            "sriov_net_support": "simple",
            "state": "available",
            "state_reason": {
              "code": "UNSET",
              "message": "UNSET"
            },
            "tags": {},
            "timeouts": null,
            "tpm_support": "",
            "uefi_data": null,
            "usage_operation": "RunInstances",
            "virtualization_type": "hvm"
          },
          "sensitive_attributes": [],
          "identity_schema_version": 0
        }
      ]
    },
    {
      "mode": "data",
      "type": "aws_subnets",
      "name": "raxxo_subnets",
      "provider": "provider[\"registry.terraform.io/hashicorp/aws\"]",
      "instances": [
        {
          "schema_version": 0,
          "attributes": {
            "filter": [
              {
                "name": "vpc-id",
                "values": [
                  "vpc-0005283161467b1c6"
                ]
              }
            ],
            "id": "us-east-1",
            "ids": [
              "subnet-008da362eeb9a9c3f",
              "subnet-0d5fcebab7f080801"
            ],
            "region": "us-east-1",
            "tags": null,
            "timeouts": null
          },
          "sensitive_attributes": [],
          "identity_schema_version": 0
        }
      ]
    },
    {
      "mode": "managed",
      "type": "aws_instance",
      "name": "raxxo_ec2",
      "provider": "provider[\"registry.terraform.io/hashicorp/aws\"]",
      "instances": [
        {
          "schema_version": 2,
          "attributes": {
            "ami": "ami-0c6ebb5b9bce4ba15",
            "arn": "arn:aws:ec2:us-east-1:989323701041:instance/i-0d2440618532af099",
            "associate_public_ip_address": true,
            "availability_zone": "us-east-1b",
            "capacity_reservation_specification": [
              {
                "capacity_reservation_preference": "open",
                "capacity_reservation_target": []
              }
            ],
            "cpu_options": [
              {
                "amd_sev_snp": "",
                "core_count": 1,
                "threads_per_core": 1
              }
            ],
            "credit_specification": [
              {
                "cpu_credits": "standard"
              }
            ],
            "disable_api_stop": false,
            "disable_api_termination": false,
            "ebs_block_device": [],
            "ebs_optimized": false,
            "enable_primary_ipv6": null,
            "enclave_options": [
              {
                "enabled": false
              }
            ],
            "ephemeral_block_device": [],
            "get_password_data": false,
            "hibernation": false,
            "host_id": "",
            "host_resource_group_arn": null,
            "iam_instance_profile": "",
            "id": "i-0d2440618532af099",
            "instance_initiated_shutdown_behavior": "stop",
            "instance_lifecycle": "",
            "instance_market_options": [],
            "instance_state": "running",
            "instance_type": "t2.micro",
            "ipv6_address_count": 0,
            "ipv6_addresses": [],
            "key_name": "raxxo-key",
            "launch_template": [],
            "maintenance_options": [
              {
                "auto_recovery": "default"
              }
            ],
            "metadata_options": [
              {
                "http_endpoint": "enabled",
                "http_protocol_ipv6": "disabled",
                "http_put_response_hop_limit": 1,
                "http_tokens": "optional",
                "instance_metadata_tags": "disabled"
              }
            ],
            "monitoring": false,
            "network_interface": [],
            "outpost_arn": "",
            "password_data": "",
            "placement_group": "",
            "placement_partition_number": 0,
            "primary_network_interface_id": "eni-0c85eb94f2ed3e144",
            "private_dns": "ip-10-10-10-23.ec2.internal",
            "private_dns_name_options": [
              {
                "enable_resource_name_dns_a_record": false,
                "enable_resource_name_dns_aaaa_record": false,
                "hostname_type": "ip-name"
              }
            ],
            "private_ip": "10.10.10.23",
            "public_dns": "ec2-35-173-129-93.compute-1.amazonaws.com",
            "public_ip": "35.173.129.93",
            "region": "us-east-1",
            "root_block_device": [
              {
                "delete_on_termination": true,
                "device_name": "/dev/xvda",
                "encrypted": false,
                "iops": 100,
                "kms_key_id": "",
                "tags": {},
                "tags_all": {},
                "throughput": 0,
                "volume_id": "vol-0b0f6f1e97abce348",
                "volume_size": 8,
                "volume_type": "gp2"
              }
            ],
            "secondary_private_ips": [],
            "security_groups": [],
            "source_dest_check": true,
            "spot_instance_request_id": "",
            "subnet_id": "subnet-008da362eeb9a9c3f",
            "tags": {
              "Name": "Raxxo-Ec2"
            },
            "tags_all": {
              "Name": "Raxxo-Ec2"
            },
            "tenancy": "default",
            "timeouts": null,
            "user_data": null,
            "user_data_base64": "IyEvYmluL2Jhc2gKCiMgQXJjaGl2byBkZSBjb250cm9sIHBhcmEgZXZpdGFyIG3Dumx0aXBsZXMgZWplY3VjaW9uZXMKRkxBR19GSUxFPSIvdmFyL2xvZy9kZXBsb3kuZG9uZSIKCmlmIFsgLWYgIiRGTEFHX0ZJTEUiIF07IHRoZW4KICAgIGVjaG8gIvCfm5EgU2NyaXB0IHlhIGZ1ZSBlamVjdXRhZG8gYW50ZXJpb3JtZW50ZS4gU2FsaWVuZG8uIgogICAgZXhpdCAwCmZpCgojIFJlZGlyaWdpciBsb2dzIGEgYXJjaGl2bwpleGVjID4gPih0ZWUgLWEgL3Zhci9sb2cvZGVwbG95LmxvZykgMj4mMQpzZXQgLWUKCmVjaG8gIvCflKcgWyQoZGF0ZSldIEFjdHVhbGl6YW5kbyBzaXN0ZW1hLi4uIgpzdWRvIHl1bSB1cGRhdGUgLXkKCmVjaG8gIvCfkLMgWyQoZGF0ZSldIEluc3RhbGFuZG8gRG9ja2VyLi4uIgpzdWRvIGFtYXpvbi1saW51eC1leHRyYXMgZW5hYmxlIGRvY2tlcgpzdWRvIHl1bSBpbnN0YWxsIC15IGRvY2tlcgpzdWRvIHN5c3RlbWN0bCBzdGFydCBkb2NrZXIKc3VkbyBzeXN0ZW1jdGwgZW5hYmxlIGRvY2tlcgpzdWRvIHVzZXJtb2QgLWFHIGRvY2tlciBlYzItdXNlcgoKZWNobyAi8J+UpyBbJChkYXRlKV0gSW5zdGFsYW5kbyBoZXJyYW1pZW50YXMgZXNlbmNpYWxlcy4uLiIKc3VkbyB5dW0gaW5zdGFsbCAteSBnaXQgY3VybCB3Z2V0IGh0b3AganEgbmFubyB2aW0gdHJlZSBcCiAgbmV0LXRvb2xzIGlwcm91dGUgbHNvZiB1bnppcCB6aXAgdGFyIG1ha2UgdG11eCBcCiAgb3BlbnNzaC1jbGllbnRzIGZhaWwyYmFuIG5tYXAKCmVjaG8gIkNyZWFuZG8gY2FycGV0YSBwYXJhIERvY2tlciBDb21wb3NlIHBsdWdpbi4uLiIKbWtkaXIgLXAgfi8uZG9ja2VyL2NsaS1wbHVnaW5zCgplY2hvICJEZXNjYXJnYW5kbyBEb2NrZXIgQ29tcG9zZSBWMi4uLiIKY3VybCAtU0wgImh0dHBzOi8vZ2l0aHViLmNvbS9kb2NrZXIvY29tcG9zZS9yZWxlYXNlcy9sYXRlc3QvZG93bmxvYWQvZG9ja2VyLWNvbXBvc2UtJCh1bmFtZSAtcyktJCh1bmFtZSAtbSkiIC1vIH4vLmRvY2tlci9jbGktcGx1Z2lucy9kb2NrZXItY29tcG9zZQoKZWNobyAiRGFuZG8gcGVybWlzb3MgZWplY3V0YWJsZXMuLi4iCmNobW9kICt4IH4vLmRvY2tlci9jbGktcGx1Z2lucy9kb2NrZXItY29tcG9zZQoKZWNobyAiVmVyaWZpY2FuZG8gaW5zdGFsYWNpw7NuIGRlIERvY2tlciBDb21wb3NlLi4uIgpkb2NrZXIgY29tcG9zZSB2ZXJzaW9uCgoKZWNobyAi8J+TiiBbJChkYXRlKV0gSW5zdGFsYW5kbyBjdG9wLi4uIgpzdWRvIGN1cmwgLUxvIC91c3IvbG9jYWwvYmluL2N0b3AgaHR0cHM6Ly9naXRodWIuY29tL2JjaWNlbi9jdG9wL3JlbGVhc2VzL2xhdGVzdC9kb3dubG9hZC9jdG9wLWxpbnV4LWFtZDY0CnN1ZG8gY2htb2QgK3ggL3Vzci9sb2NhbC9iaW4vY3RvcAoKZWNobyAi8J+TgiBbJChkYXRlKV0gQ3JlYW5kbyBkaXJlY3RvcmlvcyBuZWNlc2FyaW9zLi4uIgpzdWRvIG1rZGlyIC1wIC9kb2NrZXIKc3VkbyBta2RpciAtcCAvZGF0YQoKIyBDcmVhciBhcmNoaXZvIGRlIGNvbnRyb2wgcGFyYSBubyB2b2x2ZXIgYSBlamVjdXRhcgp0b3VjaCAiJEZMQUdfRklMRSIKCgpVU1VBUklPPSJkZXBsb3llciIKCiMgUGVnYSBhcXXDrSB0dSBjbGF2ZSBww7pibGljYSBTU0ggRVhBQ1RBLCBlbnRyZSBjb21pbGxhcwpDTEFWRV9QVUJMSUNBPSJzc2gtcnNhIEFBQUFCM056YUMxeWMyRUFBQUFEQVFBQkFBQUNBUURNYTlldjBVSk05bHNJR0NwcW91ZkJiUEE3UmdaQ29nNXhaRnNkekhOL2NPdk1SNzgxQ2JkQWVvTzZxRkF3a1czZlR2Q0pLZGEyeUN0aE54YkhYdTc0aTUxSW11QTAvZXVmZm5NcnppQXViV3pLZkFydjBCMnpKNzU1M1B3TnhrWjJsTnkrdlZzNHpuRGtyaWdlRVlGVG5YdTczaEM1TmRjaFpIdmJWeUJsOSt5VEVRMng3V3R6U2E5T1VkQnowMWtZZTRlU3QraWl0RzM2WXdvTlpWUFRJZWYvMzFhQW81TlltWTFVaG9iKzI0YmxpaHFpWmxDb24rcTdCT1JFeHpRRW1zNkcvZVlPV2tRTjA5ZVNCVkQ4d2VZeVNhV3Q3VW1rQVRVRTdTQWNSRzlFZGRSVGRFelFIWVFjTEJ5MmZVZnFJWTB4NnZxTU02clJLQjVOZlpsK3ZCbUx1UUY2WEdsME5SdU1EdE5JNlJodGNqcm5MLzAvTGM5MEMzRVREY0ZFYUNUbTY2b1FnUSs4WlhCcURKWTlreXF6U0R1aDBhRTQ5Wm1tRGdkWC9mNGpDTmlmZXFyb0dtZXVJbE55Rmh4bk5JbGxJMkppdjNhN3V6dlFHY2tOTDgvaXpNQ0cvcENSdmNhMkJNRVlOSzdaOTJHYXk2bG5LV0hGd3loaUZZanhCZ2RGZFlMVjZ6bDBPd1VRUWw3ak1OZlBETUhsaHlSZ2F3NWovNEFGUmFpMHpCK2JrOWk3bUU4U3o1NjZudWxOQjhCVk0vZ0xvR20xZUsrRk91UTVjWHdNWWtLbVo1ZGl2ZU96Ylc1ZEF1OVhrT0JHRXR3YzVDTzl5bmUwVzU3QS9USFZrNmpTMEZvekhUaFNEN0NPTXRMOEFWK2dnYW9XUzI5WDZLUU5mUT09IgoKIyBDcmVhciB1c3VhcmlvCnN1ZG8gYWRkdXNlciAkVVNVQVJJTwoKIyBDcmVhciBjYXJwZXRhIC5zc2ggeSBzdWJpciBsYSBjbGF2ZSBww7pibGljYQpzdWRvIG1rZGlyIC1wIC9ob21lLyRVU1VBUklPLy5zc2gKZWNobyAiJENMQVZFX1BVQkxJQ0EiIHwgc3VkbyB0ZWUgL2hvbWUvJFVTVUFSSU8vLnNzaC9hdXRob3JpemVkX2tleXMgPiAvZGV2L251bGwKCiMgUGVybWlzb3MgY29ycmVjdG9zCnN1ZG8gY2hvd24gLVIgJFVTVUFSSU86JFVTVUFSSU8gL2hvbWUvJFVTVUFSSU8vLnNzaApzdWRvIGNobW9kIDcwMCAvaG9tZS8kVVNVQVJJTy8uc3NoCnN1ZG8gY2htb2QgNjAwIC9ob21lLyRVU1VBUklPLy5zc2gvYXV0aG9yaXplZF9rZXlzCgojIEFncmVnYXIgdXN1YXJpbyBhbCBncnVwbyBkb2NrZXIKc3VkbyB1c2VybW9kIC1hRyBkb2NrZXIgJFVTVUFSSU8KCiMgKE9wY2lvbmFsKSBQZXJtaXRpciBzdWRvIHNpbiBjb250cmFzZcOxYQplY2hvICIkVVNVQVJJTyBBTEw9KEFMTCkgTk9QQVNTV0Q6QUxMIiB8IHN1ZG8gdGVlIC9ldGMvc3Vkb2Vycy5kLyRVU1VBUklPCgplY2hvICLinIUgVXN1YXJpbyAnJFVTVUFSSU8nIGNyZWFkbyBjb24gY2xhdmUgcMO6YmxpY2EgU1NILCBhY2Nlc28gYSBHaXQgKFNTSCkgeSBwZXJtaXNvcyBEb2NrZXIuIgoKIyBDcmVhciBhcmNoaXZvIGRlIGNvbnRyb2wgcGFyYSBubyB2b2x2ZXIgYSBlamVjdXRhcgpzdWRvIHRvdWNoIC92YXIvbG9nL3VzZXJfc2V0dXAuZG9uZSAKIyBGaW4gZGVsIHNjcmlwdCBkZSBjcmVhY2nDs24gZGUgdXN1YXJpbwoiCgplY2hvICLinIUgWyQoZGF0ZSldIERlcGxveSBjb21wbGV0YWRvLiI=",
            "user_data_replace_on_change": false,
            "volume_tags": null,
            "vpc_security_group_ids": [
              "sg-01ab91a90703bb5c3"
            ]
          },
          "sensitive_attributes": [],
          "identity_schema_version": 0,
          "private": "eyJlMmJmYjczMC1lY2FhLTExZTYtOGY4OC0zNDM2M2JjN2M0YzAiOnsiY3JlYXRlIjo2MDAwMDAwMDAwMDAsImRlbGV0ZSI6MTIwMDAwMDAwMDAwMCwicmVhZCI6OTAwMDAwMDAwMDAwLCJ1cGRhdGUiOjYwMDAwMDAwMDAwMH0sInNjaGVtYV92ZXJzaW9uIjoiMiJ9",
          "dependencies": [
            "aws_key_pair.raxxo_key",
            "aws_security_group.raxxo_sg",
            "data.aws_ami.amazon_linux",
            "data.aws_subnets.raxxo_subnets"
          ]
        }
      ]
    },
    {
      "mode": "managed",
      "type": "aws_key_pair",
      "name": "raxxo_key",
      "provider": "provider[\"registry.terraform.io/hashicorp/aws\"]",
      "instances": [
        {
          "schema_version": 1,
          "attributes": {
            "arn": "arn:aws:ec2:us-east-1:989323701041:key-pair/raxxo-key",
            "fingerprint": "a0:b5:2e:0d:18:00:52:c3:39:3d:24:54:e0:ca:ef:6f",
            "id": "raxxo-key",
            "key_name": "raxxo-key",
            "key_name_prefix": "",
            "key_pair_id": "key-016dfd7dae1f8b4e3",
            "key_type": "rsa",
            "public_key": "ssh-rsa AAAAB3NzaC1yc2EAAAADAQABAAACAQDDTBv9oz27Tph9qne+8wzeivSNeWgrNtSgS4S7oyp8+RJr88z7XvyoXssD+AAiYVvJKNXhKKP4DZz3lE6zTYp3IWio4DjuwZPzIswuqfXqsii84wSDgkzD/xdXxXfXYaraDXSl2YD8lQIpzmeerZC9smk/Wr7V4rxHsx+KkgsWCBrBNe7EdA2O+Kc++GB9ceCX2gMKOS5lgjrvWHiagmW7WIao767gUotL/dPtRp1sMURLUgcKAQVeaeIBglBQRocRmJYzK4lviRRcGLsdTs2JfVlMK9RAbXTPYJGQVL92wZEeLNY94rZgfSiJc7iVrlAMucPAdin//9WiZqMxtJ5WOBuPfw5YC1c+uAvnII1hwGC13AhryWeaJ6CllVCJpqLAcPz0uqb0lJg+nWbuGbwvjCg6/QVWuqwhzRqS4VA8uk99A4OSG/wauRUR+t6oQi2unV5Z0kgDg0xz/IVJ3d1pgyKUGAEEKPrZEtPWoWQeW72HlPsRqeKM1T03exsdDfWEKKc8546xNBy8qZc+7tItJkN5uBpGKa4BrqShBcJPD33C8+RPGEWXsg2C4JIGwEdOS3DFG9PrPjcoj/c6Wk/6Z8Os9iVvfYDwWIZO47SWo2oC/f7bTi+8J5vhcGtqbF5C1rCafIS8Zha9Vyi3KSu1pXthrUlplC0b3wvlacm2nQ== root@raxxo-pc",
            "region": "us-east-1",
            "tags": null,
            "tags_all": {}
          },
          "sensitive_attributes": [],
          "identity_schema_version": 0,
          "private": "eyJzY2hlbWFfdmVyc2lvbiI6IjEifQ=="
        }
      ]
    },
    {
      "mode": "managed",
      "type": "aws_security_group",
      "name": "raxxo_sg",
      "provider": "provider[\"registry.terraform.io/hashicorp/aws\"]",
      "instances": [
        {
          "schema_version": 1,
          "attributes": {
            "arn": "arn:aws:ec2:us-east-1:989323701041:security-group/sg-01ab91a90703bb5c3",
            "description": "Allow SSH from anywhere",
            "egress": [
              {
                "cidr_blocks": [
                  "0.0.0.0/0"
                ],
                "description": "",
                "from_port": 0,
                "ipv6_cidr_blocks": [],
                "prefix_list_ids": [],
                "protocol": "-1",
                "security_groups": [],
                "self": false,
                "to_port": 0
              }
            ],
            "id": "sg-01ab91a90703bb5c3",
            "ingress": [
              {
                "cidr_blocks": [
                  "0.0.0.0/0"
                ],
                "description": "",
                "from_port": 22,
                "ipv6_cidr_blocks": [],
                "prefix_list_ids": [],
                "protocol": "tcp",
                "security_groups": [],
                "self": false,
                "to_port": 22
              }
            ],
            "name": "RaxxoAllowSSH",
            "name_prefix": "",
            "owner_id": "989323701041",
            "region": "us-east-1",
            "revoke_rules_on_delete": false,
            "tags": {},
            "tags_all": {},
            "timeouts": null,
            "vpc_id": "vpc-0005283161467b1c6"
          },
          "sensitive_attributes": [],
          "identity_schema_version": 0,
          "private": "eyJlMmJmYjczMC1lY2FhLTExZTYtOGY4OC0zNDM2M2JjN2M0YzAiOnsiY3JlYXRlIjo2MDAwMDAwMDAwMDAsImRlbGV0ZSI6OTAwMDAwMDAwMDAwfSwic2NoZW1hX3ZlcnNpb24iOiIxIn0="
        }
      ]
    }
  ],
  "check_results": null
}
